{
  "name": "video-site",
  "version": "0.0.0",
  "lockfileVersion": 1,
  "requires": true,
  "dependencies": {
    "@angular-devkit/architect": {
      "version": "0.900.7",
      "resolved": "https://registry.npmjs.org/@angular-devkit/architect/-/architect-0.900.7.tgz",
      "integrity": "sha512-hfiTVYc72kzbXrzK4tea6jnTDnSKpE1D+vEptBXN2tdXEVNEAQI5Qm5L1zVDtt16UdqoUTUypIgUc9jcNH1mUQ==",
      "dev": true,
      "requires": {
        "@angular-devkit/core": "9.0.7",
        "rxjs": "6.5.3"
      },
      "dependencies": {
        "rxjs": {
          "version": "6.5.3",
          "resolved": "https://registry.npmjs.org/rxjs/-/rxjs-6.5.3.tgz",
          "integrity": "sha512-wuYsAYYFdWTAnAaPoKGNhfpWwKZbJW+HgAJ+mImp+Epl7BG8oNWBCTyRM8gba9k4lk8BgWdoYm21Mo/RYhhbgA==",
          "dev": true,
          "requires": {
            "tslib": "^1.9.0"
          }
        }
      }
    },
    "@angular-devkit/build-angular": {
      "version": "0.900.7",
      "resolved": "https://registry.npmjs.org/@angular-devkit/build-angular/-/build-angular-0.900.7.tgz",
      "integrity": "sha512-Yv2y3OEaYE/YEaYeXbPoKGNhfpWwKZbJW+HgAJ+mImp+Epl7BG8oNWBCTyRM8gba9k4lk8BgWdoYm21Mo/RYhhbgA==",
      "dev": true,
      "requires": {
        "@angular-devkit/architect": "0.900.7",
        "@angular-devkit/core": "9.0.7",
        "@angular-devkit/schematics": "9.0.7",
        "@angular-devkit/schematics-cli": "9.0.7",
        "@ngtools/webpack": "9.0.7",
        "ansi-html": "0.0.7",
        "autoprefixer": "9.8.0",
        "babel-loader": "8.0.6",
        "browserslist": "4.10.0",
        "caniuse-lite": "1.0.30001035",
        "css-loader": "3.4.2",
        "enhanced-resolve": "4.1.0",
        "file-loader": "6.0.0",
        "fs-extra": "8.1.0",
        "html-webpack-plugin": "3.2.0",
        "identity-obj-proxy": "3.0.0",
        "jest": "24.9.0",
        "jest-preset-angular": "8.2.1",
        "karma": "4.4.1",
        "karma-chrome-launcher": "3.1.0",
        "karma-coverage-istanbul-reporter": "2.1.1",
        "karma-jasmine": "3.1.1",
        "karma-jasmine-html-reporter": "1.5.2",
        "karma-sourcemap-loader": "0.3.7",
        "mini-css-extract-plugin": "0.9.0",
        "postcss-loader": "3.0.0",
        "postcss-preset-env": "6.7.0",
        "raw-loader": "4.0.0",
        "rxjs": "6.5.3",
        "sass": "1.26.3",
        "sass-loader": "8.0.2",
        "style-loader": "1.1.3",
        "ts-node": "8.6.2",
        "typescript": "3.7.5",
        "webpack": "4.41.2",
        "webpack-cli": "3.3.10",
        "webpack-dev-server": "3.10.3"
      },
      "dependencies": {
        "rxjs": {
          "version": "6.5.3",
          "resolved": "https://registry.npmjs.org/rxjs/-/rxjs-6.5.3.tgz",
          "integrity": "sha512-wuYsAYYFdWTAnAaPoKGNhfpWwKZbJW+HgAJ+mImp+Epl7BG8oNWBCTyRM8gba9k4lk8BgWdoYm21Mo/RYhhbgA==",
          "dev": true,
          "requires": {
            "tslib": "^1.9.0"
          }
        }
      }
    },
    "@angular-devkit/build-optimizer": {
      "version": "0.900.7",
      "resolved": "https://registry.npmjs.org/@angular-devkit/build-optimizer/-/build-optimizer-0.900.7.tgz",
      "integrity": "sha512-3DfFtJjz9DfX8Y8Y8Y8Y8Y8Y8Y8Y8Y8Y8Y8Y8Y8Y8Y8Y8Y8Y8Y8Y8Y8Y8Y8Y8Y8Y8Y8Y8Y8Y8Y8Y8Y8Y8Y8Y8Y8Y8Y8Y8Y8Y8Y8Y8Y8Y8Y8Y8Y8Y8Y8Y8Y8Y8Y8Y8Y8Y8Y8Y8Y8Y8Y8Y8Y8Y8Y8Y8Y8Y8Y8Y8Y8Y8Y8Y8Y8Y8Y8Y8Y8Y8Y8Y8Y8Y8Y8Y8Y8Y8Y8Y8Y8Y8Y8Y8Y8Y8Y8Y8Y8Y8Y8Y8Y8Y8Y8Y8Y8Y8Y8Y8Y8Y8Y8Y8Y8Y8Y8Y8Y8Y8Y8Y8Y8Y8Y8Y8Y8Y8Y8Y8Y8Y8Y8Y8Y8Y8Y8Y8Y8Y8Y8Y8Y8Y8Y8Y8Y8Y8Y8Y8Y8Y8Y8Y8Y8Y8Y8Y8Y8Y8Y8Y8Y8Y8Y8Y8Y8Y8Y8Y8Y8Y8Y8Y8Y8Y8Y8Y8Y8Y8Y8Y8Y8Y8Y8Y8Y8Y8Y8Y8Y8Y8Y8Y8Y8Y8Y8Y8Y8Y8Y8Y8Y8Y8Y8Y8Y8Y8Y8Y8Y8Y8Y8Y8Y8Y8Y8Y8Y8Y8Y8Y8Y8Y8Y8Y8Y8Y8Y8Y8Y8Y8Y8Y8Y8Y8Y8Y8Y8Y8Y8Y8Y8Y8Y8Y8Y8Y8Y8Y8Y8Y8Y8Y8Y8Y8Y8Y8Y8Y8Y8Y8Y8Y8Y8Y8Y8Y8Y8Y8Y8Y8Y8Y8Y8Y8Y8Y8Y8Y8Y8Y8Y8Y8Y8Y8Y8Y8Y8Y8Y8Y8Y8Y8Y8Y8Y8Y8Y8Y8Y8Y8Y8Y8Y8Y8Y8Y8Y8Y8Y8Y8Y8Y8Y8Y8Y8Y8Y8Y8Y8Y8Y8Y8Y8Y8Y8Y8Y8Y8Y8Y8Y8Y8Y8Y8Y8Y8Y8Y8Y8Y8Y8Y8Y8Y8Y8Y8Y8Y8Y8Y8