{
  "name": "video-site",
  "version": "0.0.0",
  "lockfileVersion": 1,
  "requires": true,
  "dependencies": {
    "@angular-devkit/architect": {
      "version": "0.900.7",
      "resolved": "https://registry.npmjs.org/@angular-devkit/architect/-/architect-0.900.7.tgz",
      "integrity": "sha512-hfiTVYc72kzbXrzK4tea6jnTDnSKpE1D+vEptBXN2tdXEVNEAQI5Qm5L1zVDtt16UdqoUTUypIgUc9jcNH1mUQ==",
      "dev": true,
      "requires": {
        "@angular-devkit/core": "9.0.7",
        "rxjs": "6.5.3"
      },
      "dependencies": {
        "rxjs": {
          "version": "6.5.3",
          "resolved": "https://registry.npmjs.org/rxjs/-/rxjs-6.5.3.tgz",
          "integrity": "sha512-wuYsAYYFdWTAnAaPoKGNhfpWwKZbJW+HgAJ+mImp+Epl7BG8oNWBCTyRM8gba9k4lk8BgWdoYm21Mo/RYhhbgA==",
          "dev": true,
          "requires": {
            "tslib": "^1.9.0"
          }
        }
      }
    },
    "@angular-devkit/build-angular": {
      "version": "0.900.7",
      "resolved": "https://registry.npmjs.org/@angular-devkit/build-angular/-/build-angular-0.900.7.tgz",
      "integrity": "sha512-Yv2y3OEaYEaYE/VXJDAnAaPoKGNhfpWwKZbJW+HgAJ+mImp+Epl7BG8oNWBCTyRM8gba9k4lk8BgWdoYm21Mo/RYhhbgA==",
      "dev": true,
      "requires": {
        "@angular-devkit/architect": "0.900.7",
        "@angular-devkit/core": "9.0.7",
        "@angular-devkit/schematics": "9.0.7",
        "@angular-devkit/schematics-cli": "9.0.7",
        "@angular/cli": "9.0.7",
        "@angular/compiler-cli": "9.0.7",
        "@ngtools/webpack": "9.0.7",
        "ansi-colors": "3.2.1",
        "autoprefixer": "9.7.4",
        "browserslist": "4.11.5",
        "caniuse-lite": "1.0.300010406",
        "chokidar": "3.3.1",
        "cssnano": "4.1.10",
        "fs-extra": "8.1.0",
        "glob": "7.1.6",
        "jest-worker": "24.9.0",
        "postcss": "7.0.27",
        "postcss-loader": "3.0.0",
        "rxjs": "6.5.3",
        "schematics": "0.900.7",
        "style-loader": "1.1.3",
        "terser-webpack-plugin": "2.3.5",
        "tslint": "6.1.0",
        "typescript": "3.7.5",
        "webpack": "4.41.2",
        "webpack-cli": "3.3.10",
        "webpack-dev-server": "3.10.3"
      },
      "dependencies": {
        "rxjs": {
          "version": "6.5.3",
          "resolved": "https://registry.npmjs.org/rxjs/-/rxjs-6.5.3.tgz",
          "integrity": "sha512-wuYsAYYFdWTAnAaPoKGNhfpWwKZbJW+HgAJ+mImp+Epl7BG8oNWBCTyRM8gba9k4lk8BgWdoYm21Mo/RYhhbgA==",
          "dev": true,
          "requires": {
            "tslib": "^1.9.0"
          }
        }
      }
    },
    "@angular-devkit/build-optimizer": {
      "version": "0.900.7",
      "resolved": "https://registry.npmjs.org/@angular-devkit/build-optimizer/-/build-optimizer-0.900.7.tgz",
      "integrity": "sha512-vXU8+d+2gVlI9t2FzX5tQ1LmT4u1SxKgj7l3+6sgM2M/6L7l+zT9+4/2G+9+9+8+8+8+8+8+8+8+8+8+8+8+8+8+8+8+8+8+8+8+8+8+8+8+8+8+8+8+8+8+8+8+8+8+8+8+8+8+8+8+8+8+8+8+8+8+8+8+8+8+8+8+8+8+8+8+8+8+8+8+8+8+8+8+8+8+8+8+8+8+8+8+8+8+8+8+8+8+8+8+8+8+8+8+8+8+8+8+8+8+8+8+8+8+8+8+8+8+8+8+8+8+8+8+8+8+8+8+8+8+8+8+8+8+8+8+8+8+8+8+8+8+8+8+8+8+8+8+8+8+8+8+8+8+8+8+8+8+8+8+8+8+8+8+8+8+8+8+8+8+8+8+8+8+8+8+8+8+8+8+8+8+8+8+8+8+8+8+8+8+8+8+8+8+8+8+8+8+8+8+8+8+8+8+8+8+8+8+8+8+8+8+8+8+8+8+8+8+8+8+8+8+8+8+8+8+8+8+8+8+8+8+8+8+8+8+8+8+8+8+8+8+8+8+8+8+8+8+8+8+8+8+8+8+8+8+8+8+8+8+8+8+8+8+8+8+8+8+8+8+8+8+8+8+8+8+8+8+8+8+8+8+8+8+8+8+8+8+8+8+8+8+8+8+8+8+8+8+8+8+8+8+8+8+8+8+8+8+8+8+8+8+8+8+8+8+8+8+8+8+8+8+8+8+8+8+8+8+8+8+8+8+8+8+8+8+8+8+8+8+8+8+8+8+8+8+8+8+8+8+8+8+8+8+8+8+8+8+8+8+8+8+8+8+8+8+8+8+8+8+8+8+8+8+8+8+8+8+8+8+8+8+8+8+8+8+8+8+8+8+8+8+8+8+8+8+8+8+8+8+8+8+8+8+8+8+8+8+8+8+8+8+8+8+8+8+8+8+8+8+8+8+8+8+